// !$*UTF8*$!
{
	archiveVersion = 1;
	classes = {
	};
	objectVersion = 50;
	objects = {

/* Begin PBXBuildFile section */
		77A3605E25120CA10084F9A0 /* AppDelegate.swift in Sources */ = {isa = PBXBuildFile; fileRef = 77A3605D25120CA10084F9A0 /* AppDelegate.swift */; };
		77A3606025120CA10084F9A0 /* SceneDelegate.swift in Sources */ = {isa = PBXBuildFile; fileRef = 77A3605F25120CA10084F9A0 /* SceneDelegate.swift */; };
		77A3606225120CA10084F9A0 /* HomeViewController.swift in Sources */ = {isa = PBXBuildFile; fileRef = 77A3606125120CA10084F9A0 /* HomeViewController.swift */; };
		77A3606525120CA10084F9A0 /* Home.storyboard in Resources */ = {isa = PBXBuildFile; fileRef = 77A3606325120CA10084F9A0 /* Home.storyboard */; };
		77A3606725120CA20084F9A0 /* Assets.xcassets in Resources */ = {isa = PBXBuildFile; fileRef = 77A3606625120CA20084F9A0 /* Assets.xcassets */; };
		77A3606A25120CA20084F9A0 /* LaunchScreen.storyboard in Resources */ = {isa = PBXBuildFile; fileRef = 77A3606825120CA20084F9A0 /* LaunchScreen.storyboard */; };
		77A3607625120D4E0084F9A0 /* HomeInteractor.swift in Sources */ = {isa = PBXBuildFile; fileRef = 77A3607525120D4E0084F9A0 /* HomeInteractor.swift */; };
		77A3607825120D5A0084F9A0 /* HomePresensenter.swift in Sources */ = {isa = PBXBuildFile; fileRef = 77A3607725120D5A0084F9A0 /* HomePresensenter.swift */; };
		77A3607A25120D6E0084F9A0 /* HomeContracts.swift in Sources */ = {isa = PBXBuildFile; fileRef = 77A3607925120D6E0084F9A0 /* HomeContracts.swift */; };
		77A3607C25120E880084F9A0 /* HomeBuilder.swift in Sources */ = {isa = PBXBuildFile; fileRef = 77A3607B25120E880084F9A0 /* HomeBuilder.swift */; };
		77EA5B9B2512107700B0F30A /* AppRouter.swift in Sources */ = {isa = PBXBuildFile; fileRef = 77EA5B9A2512107700B0F30A /* AppRouter.swift */; };
		77EA5BA02512120E00B0F30A /* todo.json in Resources */ = {isa = PBXBuildFile; fileRef = 77EA5B9F2512120E00B0F30A /* todo.json */; };
		77EA5BA22512124F00B0F30A /* MainWorker.swift in Sources */ = {isa = PBXBuildFile; fileRef = 77EA5BA12512124F00B0F30A /* MainWorker.swift */; };
		77EA5BA42512126200B0F30A /* WorkerContracts.swift in Sources */ = {isa = PBXBuildFile; fileRef = 77EA5BA32512126200B0F30A /* WorkerContracts.swift */; };
		77EA5BA72512171E00B0F30A /* TodoCell.swift in Sources */ = {isa = PBXBuildFile; fileRef = 77EA5BA62512171E00B0F30A /* TodoCell.swift */; };
		77EA5BAA2512179900B0F30A /* TodoPresentation.swift in Sources */ = {isa = PBXBuildFile; fileRef = 77EA5BA92512179900B0F30A /* TodoPresentation.swift */; };
		77EA5BAD251218F000B0F30A /* TodoListResponse.swift in Sources */ = {isa = PBXBuildFile; fileRef = 77EA5BAC251218F000B0F30A /* TodoListResponse.swift */; };
		77EA5BAF251229EC00B0F30A /* UserDefaultsWorker.swift in Sources */ = {isa = PBXBuildFile; fileRef = 77EA5BAE251229EC00B0F30A /* UserDefaultsWorker.swift */; };
		77EA5BB12512337500B0F30A /* DayPresentation.swift in Sources */ = {isa = PBXBuildFile; fileRef = 77EA5BB02512337500B0F30A /* DayPresentation.swift */; };
		77EA5BB3251233AE00B0F30A /* DayCell.swift in Sources */ = {isa = PBXBuildFile; fileRef = 77EA5BB2251233AE00B0F30A /* DayCell.swift */; };
		77EA5BB6251244EF00B0F30A /* UIViewController+Ext.swift in Sources */ = {isa = PBXBuildFile; fileRef = 77EA5BB5251244EF00B0F30A /* UIViewController+Ext.swift */; };
		77EA5BBE2512482400B0F30A /* TodayTests.swift in Sources */ = {isa = PBXBuildFile; fileRef = 77EA5BBD2512482400B0F30A /* TodayTests.swift */; };
		77EA5BC725124C3600B0F30A /* FakeTodoList.swift in Sources */ = {isa = PBXBuildFile; fileRef = 77EA5BC625124C3600B0F30A /* FakeTodoList.swift */; };
		77EA5BC925124CA300B0F30A /* MockMainWorker.swift in Sources */ = {isa = PBXBuildFile; fileRef = 77EA5BC825124CA300B0F30A /* MockMainWorker.swift */; };
		77EA5BCB25124EB400B0F30A /* FakeDayList.swift in Sources */ = {isa = PBXBuildFile; fileRef = 77EA5BCA25124EB400B0F30A /* FakeDayList.swift */; };
/* End PBXBuildFile section */

/* Begin PBXContainerItemProxy section */
		77EA5BC02512482400B0F30A /* PBXContainerItemProxy */ = {
			isa = PBXContainerItemProxy;
			containerPortal = 77A3605225120CA00084F9A0 /* Project object */;
			proxyType = 1;
			remoteGlobalIDString = 77A3605925120CA10084F9A0;
			remoteInfo = Today;
		};
/* End PBXContainerItemProxy section */

/* Begin PBXFileReference section */
		77A3605A25120CA10084F9A0 /* Today.app */ = {isa = PBXFileReference; explicitFileType = wrapper.application; includeInIndex = 0; path = Today.app; sourceTree = BUILT_PRODUCTS_DIR; };
		77A3605D25120CA10084F9A0 /* AppDelegate.swift */ = {isa = PBXFileReference; lastKnownFileType = sourcecode.swift; path = AppDelegate.swift; sourceTree = "<group>"; };
		77A3605F25120CA10084F9A0 /* SceneDelegate.swift */ = {isa = PBXFileReference; lastKnownFileType = sourcecode.swift; path = SceneDelegate.swift; sourceTree = "<group>"; };
		77A3606125120CA10084F9A0 /* HomeViewController.swift */ = {isa = PBXFileReference; lastKnownFileType = sourcecode.swift; path = HomeViewController.swift; sourceTree = "<group>"; };
		77A3606425120CA10084F9A0 /* Base */ = {isa = PBXFileReference; lastKnownFileType = file.storyboard; name = Base; path = Base.lproj/Home.storyboard; sourceTree = "<group>"; };
		77A3606625120CA20084F9A0 /* Assets.xcassets */ = {isa = PBXFileReference; lastKnownFileType = folder.assetcatalog; path = Assets.xcassets; sourceTree = "<group>"; };
		77A3606925120CA20084F9A0 /* Base */ = {isa = PBXFileReference; lastKnownFileType = file.storyboard; name = Base; path = Base.lproj/LaunchScreen.storyboard; sourceTree = "<group>"; };
		77A3606B25120CA20084F9A0 /* Info.plist */ = {isa = PBXFileReference; lastKnownFileType = text.plist.xml; path = Info.plist; sourceTree = "<group>"; };
		77A3607525120D4E0084F9A0 /* HomeInteractor.swift */ = {isa = PBXFileReference; lastKnownFileType = sourcecode.swift; path = HomeInteractor.swift; sourceTree = "<group>"; };
		77A3607725120D5A0084F9A0 /* HomePresensenter.swift */ = {isa = PBXFileReference; lastKnownFileType = sourcecode.swift; path = HomePresensenter.swift; sourceTree = "<group>"; };
		77A3607925120D6E0084F9A0 /* HomeContracts.swift */ = {isa = PBXFileReference; lastKnownFileType = sourcecode.swift; path = HomeContracts.swift; sourceTree = "<group>"; };
		77A3607B25120E880084F9A0 /* HomeBuilder.swift */ = {isa = PBXFileReference; lastKnownFileType = sourcecode.swift; path = HomeBuilder.swift; sourceTree = "<group>"; };
		77EA5B9A2512107700B0F30A /* AppRouter.swift */ = {isa = PBXFileReference; lastKnownFileType = sourcecode.swift; path = AppRouter.swift; sourceTree = "<group>"; };
		77EA5B9F2512120E00B0F30A /* todo.json */ = {isa = PBXFileReference; lastKnownFileType = text.json; path = todo.json; sourceTree = "<group>"; };
		77EA5BA12512124F00B0F30A /* MainWorker.swift */ = {isa = PBXFileReference; lastKnownFileType = sourcecode.swift; path = MainWorker.swift; sourceTree = "<group>"; };
		77EA5BA32512126200B0F30A /* WorkerContracts.swift */ = {isa = PBXFileReference; lastKnownFileType = sourcecode.swift; path = WorkerContracts.swift; sourceTree = "<group>"; };
		77EA5BA62512171E00B0F30A /* TodoCell.swift */ = {isa = PBXFileReference; lastKnownFileType = sourcecode.swift; path = TodoCell.swift; sourceTree = "<group>"; };
		77EA5BA92512179900B0F30A /* TodoPresentation.swift */ = {isa = PBXFileReference; lastKnownFileType = sourcecode.swift; path = TodoPresentation.swift; sourceTree = "<group>"; };
		77EA5BAC251218F000B0F30A /* TodoListResponse.swift */ = {isa = PBXFileReference; lastKnownFileType = sourcecode.swift; path = TodoListResponse.swift; sourceTree = "<group>"; };
		77EA5BAE251229EC00B0F30A /* UserDefaultsWorker.swift */ = {isa = PBXFileReference; lastKnownFileType = sourcecode.swift; path = UserDefaultsWorker.swift; sourceTree = "<group>"; };
		77EA5BB02512337500B0F30A /* DayPresentation.swift */ = {isa = PBXFileReference; lastKnownFileType = sourcecode.swift; path = DayPresentation.swift; sourceTree = "<group>"; };
		77EA5BB2251233AE00B0F30A /* DayCell.swift */ = {isa = PBXFileReference; lastKnownFileType = sourcecode.swift; path = DayCell.swift; sourceTree = "<group>"; };
		77EA5BB5251244EF00B0F30A /* UIViewController+Ext.swift */ = {isa = PBXFileReference; lastKnownFileType = sourcecode.swift; path = "UIViewController+Ext.swift"; sourceTree = "<group>"; };
		77EA5BBB2512482400B0F30A /* TodayTests.xctest */ = {isa = PBXFileReference; explicitFileType = wrapper.cfbundle; includeInIndex = 0; path = TodayTests.xctest; sourceTree = BUILT_PRODUCTS_DIR; };
		77EA5BBD2512482400B0F30A /* TodayTests.swift */ = {isa = PBXFileReference; lastKnownFileType = sourcecode.swift; path = TodayTests.swift; sourceTree = "<group>"; };
		77EA5BBF2512482400B0F30A /* Info.plist */ = {isa = PBXFileReference; lastKnownFileType = text.plist.xml; path = Info.plist; sourceTree = "<group>"; };
		77EA5BC625124C3600B0F30A /* FakeTodoList.swift */ = {isa = PBXFileReference; lastKnownFileType = sourcecode.swift; path = FakeTodoList.swift; sourceTree = "<group>"; };
		77EA5BC825124CA300B0F30A /* MockMainWorker.swift */ = {isa = PBXFileReference; lastKnownFileType = sourcecode.swift; path = MockMainWorker.swift; sourceTree = "<group>"; };
		77EA5BCA25124EB400B0F30A /* FakeDayList.swift */ = {isa = PBXFileReference; lastKnownFileType = sourcecode.swift; path = FakeDayList.swift; sourceTree = "<group>"; };
/* End PBXFileReference section */

/* Begin PBXFrameworksBuildPhase section */
		77A3605725120CA10084F9A0 /* Frameworks */ = {
			isa = PBXFrameworksBuildPhase;
			buildActionMask = 2147483647;
			files = (
			);
			runOnlyForDeploymentPostprocessing = 0;
		};
		77EA5BB82512482400B0F30A /* Frameworks */ = {
			isa = PBXFrameworksBuildPhase;
			buildActionMask = 2147483647;
			files = (
			);
			runOnlyForDeploymentPostprocessing = 0;
		};
/* End PBXFrameworksBuildPhase section */

/* Begin PBXGroup section */
		77A3605125120CA00084F9A0 = {
			isa = PBXGroup;
			children = (
				77A3605C25120CA10084F9A0 /* Today */,
				77EA5BBC2512482400B0F30A /* TodayTests */,
				77A3605B25120CA10084F9A0 /* Products */,
			);
			sourceTree = "<group>";
		};
		77A3605B25120CA10084F9A0 /* Products */ = {
			isa = PBXGroup;
			children = (
				77A3605A25120CA10084F9A0 /* Today.app */,
				77EA5BBB2512482400B0F30A /* TodayTests.xctest */,
			);
			name = Products;
			sourceTree = "<group>";
		};
		77A3605C25120CA10084F9A0 /* Today */ = {
			isa = PBXGroup;
			children = (
				77EA5BB4251244DC00B0F30A /* Extensions */,
				77EA5BA82512178D00B0F30A /* DTOs */,
				77A3607425120D390084F9A0 /* Workers */,
				77A3607225120D130084F9A0 /* Scenes */,
				77A3607125120D030084F9A0 /* App */,
				77A3606825120CA20084F9A0 /* LaunchScreen.storyboard */,
				77A3606625120CA20084F9A0 /* Assets.xcassets */,
				77A3606B25120CA20084F9A0 /* Info.plist */,
			);
			path = Today;
			sourceTree = "<group>";
		};
		77A3607125120D030084F9A0 /* App */ = {
			isa = PBXGroup;
			children = (
				77A3605D25120CA10084F9A0 /* AppDelegate.swift */,
				77A3605F25120CA10084F9A0 /* SceneDelegate.swift */,
				77EA5B9A2512107700B0F30A /* AppRouter.swift */,
			);
			path = App;
			sourceTree = "<group>";
		};
		77A3607225120D130084F9A0 /* Scenes */ = {
			isa = PBXGroup;
			children = (
				77A3607325120D200084F9A0 /* Home */,
			);
			path = Scenes;
			sourceTree = "<group>";
		};
		77A3607325120D200084F9A0 /* Home */ = {
			isa = PBXGroup;
			children = (
				77EA5BA52512170B00B0F30A /* Cells */,
				77A3606325120CA10084F9A0 /* Home.storyboard */,
				77A3606125120CA10084F9A0 /* HomeViewController.swift */,
				77A3607525120D4E0084F9A0 /* HomeInteractor.swift */,
				77A3607725120D5A0084F9A0 /* HomePresensenter.swift */,
				77A3607925120D6E0084F9A0 /* HomeContracts.swift */,
				77A3607B25120E880084F9A0 /* HomeBuilder.swift */,
			);
			path = Home;
			sourceTree = "<group>";
		};
		77A3607425120D390084F9A0 /* Workers */ = {
			isa = PBXGroup;
			children = (
				77EA5BAB251218E100B0F30A /* Response */,
				77EA5B9C251211C500B0F30A /* Resources */,
				77EA5BA12512124F00B0F30A /* MainWorker.swift */,
				77EA5BAE251229EC00B0F30A /* UserDefaultsWorker.swift */,
				77EA5BA32512126200B0F30A /* WorkerContracts.swift */,
			);
			path = Workers;
			sourceTree = "<group>";
		};
		77EA5B9C251211C500B0F30A /* Resources */ = {
			isa = PBXGroup;
			children = (
				77EA5B9F2512120E00B0F30A /* todo.json */,
			);
			path = Resources;
			sourceTree = "<group>";
		};
		77EA5BA52512170B00B0F30A /* Cells */ = {
			isa = PBXGroup;
			children = (
				77EA5BA62512171E00B0F30A /* TodoCell.swift */,
				77EA5BB2251233AE00B0F30A /* DayCell.swift */,
			);
			path = Cells;
			sourceTree = "<group>";
		};
		77EA5BA82512178D00B0F30A /* DTOs */ = {
			isa = PBXGroup;
			children = (
				77EA5BA92512179900B0F30A /* TodoPresentation.swift */,
				77EA5BB02512337500B0F30A /* DayPresentation.swift */,
			);
			path = DTOs;
			sourceTree = "<group>";
		};
		77EA5BAB251218E100B0F30A /* Response */ = {
			isa = PBXGroup;
			children = (
				77EA5BAC251218F000B0F30A /* TodoListResponse.swift */,
			);
			path = Response;
			sourceTree = "<group>";
		};
		77EA5BB4251244DC00B0F30A /* Extensions */ = {
			isa = PBXGroup;
			children = (
				77EA5BB5251244EF00B0F30A /* UIViewController+Ext.swift */,
			);
			path = Extensions;
			sourceTree = "<group>";
		};
		77EA5BBC2512482400B0F30A /* TodayTests */ = {
			isa = PBXGroup;
			children = (
				77EA5BC525124C2700B0F30A /* Fakes */,
				77EA5BBD2512482400B0F30A /* TodayTests.swift */,
				77EA5BBF2512482400B0F30A /* Info.plist */,
				77EA5BC825124CA300B0F30A /* MockMainWorker.swift */,
			);
			path = TodayTests;
			sourceTree = "<group>";
		};
		77EA5BC525124C2700B0F30A /* Fakes */ = {
			isa = PBXGroup;
			children = (
				77EA5BC625124C3600B0F30A /* FakeTodoList.swift */,
				77EA5BCA25124EB400B0F30A /* FakeDayList.swift */,
			);
			path = Fakes;
			sourceTree = "<group>";
		};
/* End PBXGroup section */

/* Begin PBXNativeTarget section */
		77A3605925120CA10084F9A0 /* Today */ = {
			isa = PBXNativeTarget;
			buildConfigurationList = 77A3606E25120CA20084F9A0 /* Build configuration list for PBXNativeTarget "Today" */;
			buildPhases = (
				77A3605625120CA10084F9A0 /* Sources */,
				77A3605725120CA10084F9A0 /* Frameworks */,
				77A3605825120CA10084F9A0 /* Resources */,
			);
			buildRules = (
			);
			dependencies = (
			);
			name = Today;
			productName = Today;
			productReference = 77A3605A25120CA10084F9A0 /* Today.app */;
			productType = "com.apple.product-type.application";
		};
		77EA5BBA2512482400B0F30A /* TodayTests */ = {
			isa = PBXNativeTarget;
			buildConfigurationList = 77EA5BC22512482400B0F30A /* Build configuration list for PBXNativeTarget "TodayTests" */;
			buildPhases = (
				77EA5BB72512482400B0F30A /* Sources */,
				77EA5BB82512482400B0F30A /* Frameworks */,
				77EA5BB92512482400B0F30A /* Resources */,
			);
			buildRules = (
			);
			dependencies = (
				77EA5BC12512482400B0F30A /* PBXTargetDependency */,
			);
			name = TodayTests;
			productName = TodayTests;
			productReference = 77EA5BBB2512482400B0F30A /* TodayTests.xctest */;
			productType = "com.apple.product-type.bundle.unit-test";
		};
/* End PBXNativeTarget section */

/* Begin PBXProject section */
		77A3605225120CA00084F9A0 /* Project object */ = {
			isa = PBXProject;
			attributes = {
				LastSwiftUpdateCheck = 1160;
				LastUpgradeCheck = 1160;
				ORGANIZATIONNAME = "Gokhan Namal";
				TargetAttributes = {
					77A3605925120CA10084F9A0 = {
						CreatedOnToolsVersion = 11.6;
					};
					77EA5BBA2512482400B0F30A = {
						CreatedOnToolsVersion = 11.6;
						TestTargetID = 77A3605925120CA10084F9A0;
					};
				};
			};
			buildConfigurationList = 77A3605525120CA00084F9A0 /* Build configuration list for PBXProject "Today" */;
			compatibilityVersion = "Xcode 9.3";
			developmentRegion = en;
			hasScannedForEncodings = 0;
			knownRegions = (
				en,
				Base,
			);
			mainGroup = 77A3605125120CA00084F9A0;
			productRefGroup = 77A3605B25120CA10084F9A0 /* Products */;
			projectDirPath = "";
			projectRoot = "";
			targets = (
				77A3605925120CA10084F9A0 /* Today */,
				77EA5BBA2512482400B0F30A /* TodayTests */,
			);
		};
/* End PBXProject section */

/* Begin PBXResourcesBuildPhase section */
		77A3605825120CA10084F9A0 /* Resources */ = {
			isa = PBXResourcesBuildPhase;
			buildActionMask = 2147483647;
			files = (
				77A3606A25120CA20084F9A0 /* LaunchScreen.storyboard in Resources */,
				77A3606725120CA20084F9A0 /* Assets.xcassets in Resources */,
				77A3606525120CA10084F9A0 /* Home.storyboard in Resources */,
				77EA5BA02512120E00B0F30A /* todo.json in Resources */,
			);
			runOnlyForDeploymentPostprocessing = 0;
		};
		77EA5BB92512482400B0F30A /* Resources */ = {
			isa = PBXResourcesBuildPhase;
			buildActionMask = 2147483647;
			files = (
			);
			runOnlyForDeploymentPostprocessing = 0;
		};
/* End PBXResourcesBuildPhase section */

/* Begin PBXSourcesBuildPhase section */
		77A3605625120CA10084F9A0 /* Sources */ = {
			isa = PBXSourcesBuildPhase;
			buildActionMask = 2147483647;
			files = (
				77A3607A25120D6E0084F9A0 /* HomeContracts.swift in Sources */,
				77EA5BA42512126200B0F30A /* WorkerContracts.swift in Sources */,
				77EA5BB6251244EF00B0F30A /* UIViewController+Ext.swift in Sources */,
				77A3607825120D5A0084F9A0 /* HomePresensenter.swift in Sources */,
				77A3606225120CA10084F9A0 /* HomeViewController.swift in Sources */,
				77A3607C25120E880084F9A0 /* HomeBuilder.swift in Sources */,
				77EA5BA22512124F00B0F30A /* MainWorker.swift in Sources */,
				77EA5BB3251233AE00B0F30A /* DayCell.swift in Sources */,
				77EA5B9B2512107700B0F30A /* AppRouter.swift in Sources */,
				77EA5BB12512337500B0F30A /* DayPresentation.swift in Sources */,
				77EA5BAA2512179900B0F30A /* TodoPresentation.swift in Sources */,
				77EA5BA72512171E00B0F30A /* TodoCell.swift in Sources */,
				77A3605E25120CA10084F9A0 /* AppDelegate.swift in Sources */,
				77EA5BAF251229EC00B0F30A /* UserDefaultsWorker.swift in Sources */,
				77A3606025120CA10084F9A0 /* SceneDelegate.swift in Sources */,
				77A3607625120D4E0084F9A0 /* HomeInteractor.swift in Sources */,
				77EA5BAD251218F000B0F30A /* TodoListResponse.swift in Sources */,
			);
			runOnlyForDeploymentPostprocessing = 0;
		};
		77EA5BB72512482400B0F30A /* Sources */ = {
			isa = PBXSourcesBuildPhase;
			buildActionMask = 2147483647;
			files = (
				77EA5BC725124C3600B0F30A /* FakeTodoList.swift in Sources */,
				77EA5BCB25124EB400B0F30A /* FakeDayList.swift in Sources */,
				77EA5BBE2512482400B0F30A /* TodayTests.swift in Sources */,
				77EA5BC925124CA300B0F30A /* MockMainWorker.swift in Sources */,
			);
			runOnlyForDeploymentPostprocessing = 0;
		};
/* End PBXSourcesBuildPhase section */

/* Begin PBXTargetDependency section */
		77EA5BC12512482400B0F30A /* PBXTargetDependency */ = {
			isa = PBXTargetDependency;
			target = 77A3605925120CA10084F9A0 /* Today */;
			targetProxy = 77EA5BC02512482400B0F30A /* PBXContainerItemProxy */;
		};
/* End PBXTargetDependency section */

/* Begin PBXVariantGroup section */
		77A3606325120CA10084F9A0 /* Home.storyboard */ = {
			isa = PBXVariantGroup;
			children = (
				77A3606425120CA10084F9A0 /* Base */,
			);
			name = Home.storyboard;
			sourceTree = "<group>";
		};
		77A3606825120CA20084F9A0 /* LaunchScreen.storyboard */ = {
			isa = PBXVariantGroup;
			children = (
				77A3606925120CA20084F9A0 /* Base */,
			);
			name = LaunchScreen.storyboard;
			sourceTree = "<group>";
		};
/* End PBXVariantGroup section */

/* Begin XCBuildConfiguration section */
		77A3606C25120CA20084F9A0 /* Debug */ = {
			isa = XCBuildConfiguration;
			buildSettings = {
				ALWAYS_SEARCH_USER_PATHS = NO;
				CLANG_ANALYZER_NONNULL = YES;
				CLANG_ANALYZER_NUMBER_OBJECT_CONVERSION = YES_AGGRESSIVE;
				CLANG_CXX_LANGUAGE_STANDARD = "gnu++14";
				CLANG_CXX_LIBRARY = "libc++";
				CLANG_ENABLE_MODULES = YES;
				CLANG_ENABLE_OBJC_ARC = YES;
				CLANG_ENABLE_OBJC_WEAK = YES;
				CLANG_WARN_BLOCK_CAPTURE_AUTORELEASING = YES;
				CLANG_WARN_BOOL_CONVERSION = YES;
				CLANG_WARN_COMMA = YES;
				CLANG_WARN_CONSTANT_CONVERSION = YES;
				CLANG_WARN_DEPRECATED_OBJC_IMPLEMENTATIONS = YES;
				CLANG_WARN_DIRECT_OBJC_ISA_USAGE = YES_ERROR;
				CLANG_WARN_DOCUMENTATION_COMMENTS = YES;
				CLANG_WARN_EMPTY_BODY = YES;
				CLANG_WARN_ENUM_CONVERSION = YES;
				CLANG_WARN_INFINITE_RECURSION = YES;
				CLANG_WARN_INT_CONVERSION = YES;
				CLANG_WARN_NON_LITERAL_NULL_CONVERSION = YES;
				CLANG_WARN_OBJC_IMPLICIT_RETAIN_SELF = YES;
				CLANG_WARN_OBJC_LITERAL_CONVERSION = YES;
				CLANG_WARN_OBJC_ROOT_CLASS = YES_ERROR;
				CLANG_WARN_RANGE_LOOP_ANALYSIS = YES;
				CLANG_WARN_STRICT_PROTOTYPES = YES;
				CLANG_WARN_SUSPICIOUS_MOVE = YES;
				CLANG_WARN_UNGUARDED_AVAILABILITY = YES_AGGRESSIVE;
				CLANG_WARN_UNREACHABLE_CODE = YES;
				CLANG_WARN__DUPLICATE_METHOD_MATCH = YES;
				COPY_PHASE_STRIP = NO;
				DEBUG_INFORMATION_FORMAT = dwarf;
				ENABLE_STRICT_OBJC_MSGSEND = YES;
				ENABLE_TESTABILITY = YES;
				GCC_C_LANGUAGE_STANDARD = gnu11;
				GCC_DYNAMIC_NO_PIC = NO;
				GCC_NO_COMMON_BLOCKS = YES;
				GCC_OPTIMIZATION_LEVEL = 0;
				GCC_PREPROCESSOR_DEFINITIONS = (
					"DEBUG=1",
					"$(inherited)",
				);
				GCC_WARN_64_TO_32_BIT_CONVERSION = YES;
				GCC_WARN_ABOUT_RETURN_TYPE = YES_ERROR;
				GCC_WARN_UNDECLARED_SELECTOR = YES;
				GCC_WARN_UNINITIALIZED_AUTOS = YES_AGGRESSIVE;
				GCC_WARN_UNUSED_FUNCTION = YES;
				GCC_WARN_UNUSED_VARIABLE = YES;
				IPHONEOS_DEPLOYMENT_TARGET = 13.6;
				MTL_ENABLE_DEBUG_INFO = INCLUDE_SOURCE;
				MTL_FAST_MATH = YES;
				ONLY_ACTIVE_ARCH = YES;
				SDKROOT = iphoneos;
				SWIFT_ACTIVE_COMPILATION_CONDITIONS = DEBUG;
				SWIFT_OPTIMIZATION_LEVEL = "-Onone";
			};
			name = Debug;
		};
		77A3606D25120CA20084F9A0 /* Release */ = {
			isa = XCBuildConfiguration;
			buildSettings = {
				ALWAYS_SEARCH_USER_PATHS = NO;
				CLANG_ANALYZER_NONNULL = YES;
				CLANG_ANALYZER_NUMBER_OBJECT_CONVERSION = YES_AGGRESSIVE;
				CLANG_CXX_LANGUAGE_STANDARD = "gnu++14";
				CLANG_CXX_LIBRARY = "libc++";
				CLANG_ENABLE_MODULES = YES;
				CLANG_ENABLE_OBJC_ARC = YES;
				CLANG_ENABLE_OBJC_WEAK = YES;
				CLANG_WARN_BLOCK_CAPTURE_AUTORELEASING = YES;
				CLANG_WARN_BOOL_CONVERSION = YES;
				CLANG_WARN_COMMA = YES;
				CLANG_WARN_CONSTANT_CONVERSION = YES;
				CLANG_WARN_DEPRECATED_OBJC_IMPLEMENTATIONS = YES;
				CLANG_WARN_DIRECT_OBJC_ISA_USAGE = YES_ERROR;
				CLANG_WARN_DOCUMENTATION_COMMENTS = YES;
				CLANG_WARN_EMPTY_BODY = YES;
				CLANG_WARN_ENUM_CONVERSION = YES;
				CLANG_WARN_INFINITE_RECURSION = YES;
				CLANG_WARN_INT_CONVERSION = YES;
				CLANG_WARN_NON_LITERAL_NULL_CONVERSION = YES;
				CLANG_WARN_OBJC_IMPLICIT_RETAIN_SELF = YES;
				CLANG_WARN_OBJC_LITERAL_CONVERSION = YES;
				CLANG_WARN_OBJC_ROOT_CLASS = YES_ERROR;
				CLANG_WARN_RANGE_LOOP_ANALYSIS = YES;
				CLANG_WARN_STRICT_PROTOTYPES = YES;
				CLANG_WARN_SUSPICIOUS_MOVE = YES;
				CLANG_WARN_UNGUARDED_AVAILABILITY = YES_AGGRESSIVE;
				CLANG_WARN_UNREACHABLE_CODE = YES;
				CLANG_WARN__DUPLICATE_METHOD_MATCH = YES;
				COPY_PHASE_STRIP = NO;
				DEBUG_INFORMATION_FORMAT = "dwarf-with-dsym";
				ENABLE_NS_ASSERTIONS = NO;
				ENABLE_STRICT_OBJC_MSGSEND = YES;
				GCC_C_LANGUAGE_STANDARD = gnu11;
				GCC_NO_COMMON_BLOCKS = YES;
				GCC_WARN_64_TO_32_BIT_CONVERSION = YES;
				GCC_WARN_ABOUT_RETURN_TYPE = YES_ERROR;
				GCC_WARN_UNDECLARED_SELECTOR = YES;
				GCC_WARN_UNINITIALIZED_AUTOS = YES_AGGRESSIVE;
				GCC_WARN_UNUSED_FUNCTION = YES;
				GCC_WARN_UNUSED_VARIABLE = YES;
				IPHONEOS_DEPLOYMENT_TARGET = 13.6;
				MTL_ENABLE_DEBUG_INFO = NO;
				MTL_FAST_MATH = YES;
				SDKROOT = iphoneos;
				SWIFT_COMPILATION_MODE = wholemodule;
				SWIFT_OPTIMIZATION_LEVEL = "-O";
				VALIDATE_PRODUCT = YES;
			};
			name = Release;
		};
		77A3606F25120CA20084F9A0 /* Debug */ = {
			isa = XCBuildConfiguration;
			buildSettings = {
				ASSETCATALOG_COMPILER_APPICON_NAME = AppIcon;
				CODE_SIGN_STYLE = Automatic;
				DEVELOPMENT_TEAM = KLG734RE3M;
				INFOPLIST_FILE = Today/Info.plist;
				LD_RUNPATH_SEARCH_PATHS = (
					"$(inherited)",
					"@executable_path/Frameworks",
				);
				PRODUCT_BUNDLE_IDENTIFIER = com.gokhan.Today;
				PRODUCT_NAME = "$(TARGET_NAME)";
				SWIFT_VERSION = 5.0;
				TARGETED_DEVICE_FAMILY = "1,2";
			};
			name = Debug;
		};
		77A3607025120CA20084F9A0 /* Release */ = {
			isa = XCBuildConfiguration;
			buildSettings = {
				ASSETCATALOG_COMPILER_APPICON_NAME = AppIcon;
				CODE_SIGN_STYLE = Automatic;
				DEVELOPMENT_TEAM = KLG734RE3M;
				INFOPLIST_FILE = Today/Info.plist;
				LD_RUNPATH_SEARCH_PATHS = (
					"$(inherited)",
					"@executable_path/Frameworks",
				);
				PRODUCT_BUNDLE_IDENTIFIER = com.gokhan.Today;
				PRODUCT_NAME = "$(TARGET_NAME)";
				SWIFT_VERSION = 5.0;
				TARGETED_DEVICE_FAMILY = "1,2";
			};
			name = Release;
		};
		77EA5BC32512482400B0F30A /* Debug */ = {
			isa = XCBuildConfiguration;
			buildSettings = {
				BUNDLE_LOADER = "$(TEST_HOST)";
				CODE_SIGN_STYLE = Automatic;
				DEVELOPMENT_TEAM = KLG734RE3M;
				INFOPLIST_FILE = TodayTests/Info.plist;
				LD_RUNPATH_SEARCH_PATHS = (
					"$(inherited)",
					"@executable_path/Frameworks",
					"@loader_path/Frameworks",
				);
				PRODUCT_BUNDLE_IDENTIFIER = com.gokhan.TodayTests;
				PRODUCT_NAME = "$(TARGET_NAME)";
				SWIFT_VERSION = 5.0;
				TARGETED_DEVICE_FAMILY = "1,2";
				TEST_HOST = "$(BUILT_PRODUCTS_DIR)/Today.app/Today";
			};
			name = Debug;
		};
		77EA5BC42512482400B0F30A /* Release */ = {
			isa = XCBuildConfiguration;
			buildSettings = {
				BUNDLE_LOADER = "$(TEST_HOST)";
				CODE_SIGN_STYLE = Automatic;
				DEVELOPMENT_TEAM = KLG734RE3M;
				INFOPLIST_FILE = TodayTests/Info.plist;
				LD_RUNPATH_SEARCH_PATHS = (
					"$(inherited)",
					"@executable_path/Frameworks",
					"@loader_path/Frameworks",
				);
				PRODUCT_BUNDLE_IDENTIFIER = com.gokhan.TodayTests;
				PRODUCT_NAME = "$(TARGET_NAME)";
				SWIFT_VERSION = 5.0;
				TARGETED_DEVICE_FAMILY = "1,2";
				TEST_HOST = "$(BUILT_PRODUCTS_DIR)/Today.app/Today";
			};
			name = Release;
		};
/* End XCBuildConfiguration section */

/* Begin XCConfigurationList section */
		77A3605525120CA00084F9A0 /* Build configuration list for PBXProject "Today" */ = {
			isa = XCConfigurationList;
			buildConfigurations = (
				77A3606C25120CA20084F9A0 /* Debug */,
				77A3606D25120CA20084F9A0 /* Release */,
			);
			defaultConfigurationIsVisible = 0;
			defaultConfigurationName = Release;
		};
		77A3606E25120CA20084F9A0 /* Build configuration list for PBXNativeTarget "Today" */ = {
			isa = XCConfigurationList;
			buildConfigurations = (
				77A3606F25120CA20084F9A0 /* Debug */,
				77A3607025120CA20084F9A0 /* Release */,
			);
			defaultConfigurationIsVisible = 0;
			defaultConfigurationName = Release;
		};
		77EA5BC22512482400B0F30A /* Build configuration list for PBXNativeTarget "TodayTests" */ = {
			isa = XCConfigurationList;
			buildConfigurations = (
				77EA5BC32512482400B0F30A /* Debug */,
				77EA5BC42512482400B0F30A /* Release */,
			);
			defaultConfigurationIsVisible = 0;
			defaultConfigurationName = Release;
		};
/* End XCConfigurationList section */
	};
	rootObject = 77A3605225120CA00084F9A0 /* Project object */;
}
